
Microsoft Visual Studio Solution File, Format Version 12.00
# Visual Studio Version 16
VisualStudioVersion = 16.0.31729.503
MinimumVisualStudioVersion = 10.0.40219.1
Project("{FAE04EC0-301F-11D3-BF4B-00C04F79EFBC}") = "MAS_Assessment_1", "MAS_Assessment_1\MAS_Assessment_1.csproj", "{5631AA15-6AF5-42B6-AA17-47ABD38FAE26}"
EndProject
Global
	GlobalSection(SolutionConfigurationPlatforms) = preSolution
		Debug|Any CPU = Debug|Any CPU
		Release|Any CPU = Release|Any CPU
	EndGlobalSection
	GlobalSection(ProjectConfigurationPlatforms) = postSolution
		{5631AA15-6AF5-42B6-AA17-47ABD38FAE26}.Debug|Any CPU.ActiveCfg = Debug|Any CPU
		{5631AA15-6AF5-42B6-AA17-47ABD38FAE26}.Debug|Any CPU.Build.0 = Debug|Any CPU
		{5631AA15-6AF5-42B6-AA17-47ABD38FAE26}.Release|Any CPU.ActiveCfg = Release|Any CPU
		{5631AA15-6AF5-42B6-AA17-47ABD38FAE26}.Release|Any CPU.Build.0 = Release|Any CPU
	EndGlobalSection
	GlobalSection(SolutionProperties) = preSolution
		HideSolutionNode = FALSE
	EndGlobalSection
	GlobalSection(ExtensibilityGlobals) = postSolution
		SolutionGuid = {12C3CE53-6CB4-4FAC-82CE-58C78C616073}
	EndGlobalSection
EndGlobal
