
Microsoft Visual Studio Solution File, Format Version 12.00
# Visual Studio Version 16
VisualStudioVersion = 16.0.31729.503
MinimumVisualStudioVersion = 10.0.40219.1
Project("{9A19103F-16F7-4668-BE54-9A1E7A4F7556}") = "MAS_Assessment_1", "MAS_Assessment_1\MAS_Assessment_1.csproj", "{5631AA15-6AF5-42B6-AA17-47ABD38FAE26}"
EndProject
Global
	GlobalSection(SolutionConfigurationPlatforms) = preSolution
		Debug|Any CPU = Debug|Any CPU
		Debug|x64 = Debug|x64
		Release|Any CPU = Release|Any CPU
		Release|x64 = Release|x64
	EndGlobalSection
	GlobalSection(ProjectConfigurationPlatforms) = postSolution
		{5631AA15-6AF5-42B6-AA17-47ABD38FAE26}.Debug|Any CPU.ActiveCfg = Debug|Any CPU
		{5631AA15-6AF5-42B6-AA17-47ABD38FAE26}.Debug|Any CPU.Build.0 = Debug|Any CPU
		{5631AA15-6AF5-42B6-AA17-47ABD38FAE26}.Debug|x64.ActiveCfg = Debug|x64
		{5631AA15-6AF5-42B6-AA17-47ABD38FAE26}.Debug|x64.Build.0 = Debug|x64
		{5631AA15-6AF5-42B6-AA17-47ABD38FAE26}.Release|Any CPU.ActiveCfg = Release|Any CPU
		{5631AA15-6AF5-42B6-AA17-47ABD38FAE26}.Release|Any CPU.Build.0 = Release|Any CPU
		{5631AA15-6AF5-42B6-AA17-47ABD38FAE26}.Release|x64.ActiveCfg = Release|x64
		{5631AA15-6AF5-42B6-AA17-47ABD38FAE26}.Release|x64.Build.0 = Release|x64
	EndGlobalSection
	GlobalSection(SolutionProperties) = preSolution
		HideSolutionNode = FALSE
	EndGlobalSection
	GlobalSection(ExtensibilityGlobals) = postSolution
		SolutionGuid = {12C3CE53-6CB4-4FAC-82CE-58C78C616073}
	EndGlobalSection
EndGlobal
